
Microsoft Visual Studio Solution File, Format Version 12.00
# Visual Studio Version 17
VisualStudioVersion = 17.7.34221.43
MinimumVisualStudioVersion = 10.0.40219.1
Project("{FAE04EC0-301F-11D3-BF4B-00C04F79EFBC}") = "dzień 5", "dzień 5\dzień 5.csproj", "{FFAB9484-1B7F-44BA-B554-6A022A327051}"
EndProject
Global
	GlobalSection(SolutionConfigurationPlatforms) = preSolution
		Debug|Any CPU = Debug|Any CPU
		Release|Any CPU = Release|Any CPU
	EndGlobalSection
	GlobalSection(ProjectConfigurationPlatforms) = postSolution
		{FFAB9484-1B7F-44BA-B554-6A022A327051}.Debug|Any CPU.ActiveCfg = Debug|Any CPU
		{FFAB9484-1B7F-44BA-B554-6A022A327051}.Debug|Any CPU.Build.0 = Debug|Any CPU
		{FFAB9484-1B7F-44BA-B554-6A022A327051}.Release|Any CPU.ActiveCfg = Release|Any CPU
		{FFAB9484-1B7F-44BA-B554-6A022A327051}.Release|Any CPU.Build.0 = Release|Any CPU
	EndGlobalSection
	GlobalSection(SolutionProperties) = preSolution
		HideSolutionNode = FALSE
	EndGlobalSection
	GlobalSection(ExtensibilityGlobals) = postSolution
		SolutionGuid = {D67F1C1A-2CE6-4253-9764-B681A33DF8C1}
	EndGlobalSection
EndGlobal
